
Microsoft Visual Studio Solution File, Format Version 12.00
# Visual Studio Version 16
VisualStudioVersion = 16.0.30621.155
MinimumVisualStudioVersion = 10.0.40219.1
Project("{FAE04EC0-301F-11D3-BF4B-00C04F79EFBC}") = "Семестр 2 Лаба 1 попытка 2", "Семестр 2 Лаба 1 попытка 2\Семестр 2 Лаба 1 попытка 2.csproj", "{EA58C8F2-5287-4EF8-9FE4-CF09CBCF279C}"
EndProject
Global
	GlobalSection(SolutionConfigurationPlatforms) = preSolution
		Debug|Any CPU = Debug|Any CPU
		Release|Any CPU = Release|Any CPU
	EndGlobalSection
	GlobalSection(ProjectConfigurationPlatforms) = postSolution
		{EA58C8F2-5287-4EF8-9FE4-CF09CBCF279C}.Debug|Any CPU.ActiveCfg = Debug|Any CPU
		{EA58C8F2-5287-4EF8-9FE4-CF09CBCF279C}.Debug|Any CPU.Build.0 = Debug|Any CPU
		{EA58C8F2-5287-4EF8-9FE4-CF09CBCF279C}.Release|Any CPU.ActiveCfg = Release|Any CPU
		{EA58C8F2-5287-4EF8-9FE4-CF09CBCF279C}.Release|Any CPU.Build.0 = Release|Any CPU
	EndGlobalSection
	GlobalSection(SolutionProperties) = preSolution
		HideSolutionNode = FALSE
	EndGlobalSection
	GlobalSection(ExtensibilityGlobals) = postSolution
		SolutionGuid = {63023184-8734-4718-9A93-7B48F00F6043}
	EndGlobalSection
EndGlobal
